
Microsoft Visual Studio Solution File, Format Version 12.00
# Visual Studio Version 16
VisualStudioVersion = 16.0.31702.278
MinimumVisualStudioVersion = 10.0.40219.1
Project("{FAE04EC0-301F-11D3-BF4B-00C04F79EFBC}") = "WinScrabble", "WinScrabble\WinScrabble.csproj", "{673B4706-6B31-4898-9B09-B7A2B24135F9}"
EndProject
Global
	GlobalSection(SolutionConfigurationPlatforms) = preSolution
		Debug|Any CPU = Debug|Any CPU
		Release|Any CPU = Release|Any CPU
	EndGlobalSection
	GlobalSection(ProjectConfigurationPlatforms) = postSolution
		{673B4706-6B31-4898-9B09-B7A2B24135F9}.Debug|Any CPU.ActiveCfg = Debug|Any CPU
		{673B4706-6B31-4898-9B09-B7A2B24135F9}.Debug|Any CPU.Build.0 = Debug|Any CPU
		{673B4706-6B31-4898-9B09-B7A2B24135F9}.Release|Any CPU.ActiveCfg = Release|Any CPU
		{673B4706-6B31-4898-9B09-B7A2B24135F9}.Release|Any CPU.Build.0 = Release|Any CPU
	EndGlobalSection
	GlobalSection(SolutionProperties) = preSolution
		HideSolutionNode = FALSE
	EndGlobalSection
	GlobalSection(ExtensibilityGlobals) = postSolution
		SolutionGuid = {735CA584-7AA5-4717-ADF5-74A6B73E3A2A}
	EndGlobalSection
EndGlobal
